
Microsoft Visual Studio Solution File, Format Version 12.00
# Visual Studio 14
VisualStudioVersion = 14.0.25420.1
MinimumVisualStudioVersion = 10.0.40219.1
Project("{FAE04EC0-301F-11D3-BF4B-00C04F79EFBC}") = "BabelPlugin", "BabelPlugin\BabelPlugin.csproj", "{545B6508-D2D2-4470-8612-0B5E2D9EDF6A}"
EndProject
Global
	GlobalSection(SolutionConfigurationPlatforms) = preSolution
		Debug|Any CPU = Debug|Any CPU
		Release|Any CPU = Release|Any CPU
	EndGlobalSection
	GlobalSection(ProjectConfigurationPlatforms) = postSolution
		{545B6508-D2D2-4470-8612-0B5E2D9EDF6A}.Debug|Any CPU.ActiveCfg = Debug|Any CPU
		{545B6508-D2D2-4470-8612-0B5E2D9EDF6A}.Debug|Any CPU.Build.0 = Debug|Any CPU
		{545B6508-D2D2-4470-8612-0B5E2D9EDF6A}.Release|Any CPU.ActiveCfg = Release|Any CPU
		{545B6508-D2D2-4470-8612-0B5E2D9EDF6A}.Release|Any CPU.Build.0 = Release|Any CPU
	EndGlobalSection
	GlobalSection(SolutionProperties) = preSolution
		HideSolutionNode = FALSE
	EndGlobalSection
EndGlobal
